PODS:
  - MyReactNativeLib (0.1.0):
    - TwitterKit
  - TwitterCore (3.1.0)
  - TwitterKit (3.3.0):
    - TwitterCore (>= 3.1.0)

DEPENDENCIES:
  - MyReactNativeLib (from `../`)

SPEC REPOS:
  https://github.com/cocoapods/specs.git:
    - TwitterCore
    - TwitterKit

EXTERNAL SOURCES:
  MyReactNativeLib:
    :path: "../"

SPEC CHECKSUMS:
  MyReactNativeLib: 777d46a28f229f820ad25ec01525e74701201703
  TwitterCore: 644d59e75abccb26cf0a9050d2c4dea0e5412241
  TwitterKit: a2e60ddcedbf54091eac6f27685ca7a87681e1d7

PODFILE CHECKSUM: 37fe63e873b7f5ea57398ec35b64f704c84e151e

COCOAPODS: 1.5.3
